
Microsoft Visual Studio Solution File, Format Version 12.00
# Visual Studio Version 17
VisualStudioVersion = 17.0.31611.283
MinimumVisualStudioVersion = 10.0.40219.1
Project("{9A19103F-16F7-4668-BE54-9A1E7A4F7556}") = "ColorPickerTest", "ColorPickerTest\ColorPickerTest.csproj", "{C0B832F1-A0F8-4B9B-A409-5B1AEA932E00}"
EndProject
Project("{9A19103F-16F7-4668-BE54-9A1E7A4F7556}") = "ColorPicker", "ColorPicker\ColorPicker.csproj", "{BD627D4A-EBAE-4499-ADAE-498ADA7670AB}"
EndProject
Global
	GlobalSection(SolutionConfigurationPlatforms) = preSolution
		Debug|Any CPU = Debug|Any CPU
		Debug|x64 = Debug|x64
		Release|Any CPU = Release|Any CPU
		Release|x64 = Release|x64
	EndGlobalSection
	GlobalSection(ProjectConfigurationPlatforms) = postSolution
		{C0B832F1-A0F8-4B9B-A409-5B1AEA932E00}.Debug|Any CPU.ActiveCfg = Debug|Any CPU
		{C0B832F1-A0F8-4B9B-A409-5B1AEA932E00}.Debug|Any CPU.Build.0 = Debug|Any CPU
		{C0B832F1-A0F8-4B9B-A409-5B1AEA932E00}.Debug|Any CPU.Deploy.0 = Debug|Any CPU
		{C0B832F1-A0F8-4B9B-A409-5B1AEA932E00}.Debug|x64.ActiveCfg = Debug|x64
		{C0B832F1-A0F8-4B9B-A409-5B1AEA932E00}.Debug|x64.Build.0 = Debug|x64
		{C0B832F1-A0F8-4B9B-A409-5B1AEA932E00}.Debug|x64.Deploy.0 = Debug|x64
		{C0B832F1-A0F8-4B9B-A409-5B1AEA932E00}.Release|Any CPU.ActiveCfg = Release|Any CPU
		{C0B832F1-A0F8-4B9B-A409-5B1AEA932E00}.Release|Any CPU.Build.0 = Release|Any CPU
		{C0B832F1-A0F8-4B9B-A409-5B1AEA932E00}.Release|Any CPU.Deploy.0 = Release|Any CPU
		{C0B832F1-A0F8-4B9B-A409-5B1AEA932E00}.Release|x64.ActiveCfg = Release|x64
		{C0B832F1-A0F8-4B9B-A409-5B1AEA932E00}.Release|x64.Build.0 = Release|x64
		{C0B832F1-A0F8-4B9B-A409-5B1AEA932E00}.Release|x64.Deploy.0 = Release|x64
		{BD627D4A-EBAE-4499-ADAE-498ADA7670AB}.Debug|Any CPU.ActiveCfg = Debug|Any CPU
		{BD627D4A-EBAE-4499-ADAE-498ADA7670AB}.Debug|Any CPU.Build.0 = Debug|Any CPU
		{BD627D4A-EBAE-4499-ADAE-498ADA7670AB}.Debug|x64.ActiveCfg = Debug|x64
		{BD627D4A-EBAE-4499-ADAE-498ADA7670AB}.Debug|x64.Build.0 = Debug|x64
		{BD627D4A-EBAE-4499-ADAE-498ADA7670AB}.Release|Any CPU.ActiveCfg = Release|Any CPU
		{BD627D4A-EBAE-4499-ADAE-498ADA7670AB}.Release|Any CPU.Build.0 = Release|Any CPU
		{BD627D4A-EBAE-4499-ADAE-498ADA7670AB}.Release|x64.ActiveCfg = Release|x64
		{BD627D4A-EBAE-4499-ADAE-498ADA7670AB}.Release|x64.Build.0 = Release|x64
	EndGlobalSection
	GlobalSection(SolutionProperties) = preSolution
		HideSolutionNode = FALSE
	EndGlobalSection
	GlobalSection(ExtensibilityGlobals) = postSolution
		SolutionGuid = {61F7FB11-1E47-470C-91E2-47F8143E1572}
	EndGlobalSection
EndGlobal
