
Microsoft Visual Studio Solution File, Format Version 12.00
# Visual Studio Version 17
VisualStudioVersion = 17.3.32611.2
MinimumVisualStudioVersion = 10.0.40219.1
Project("{9A19103F-16F7-4668-BE54-9A1E7A4F7556}") = "ColorPicker", "ColorPicker\ColorPicker.csproj", "{8A536D9B-41A9-4F9B-AC3E-DC646B3FCADF}"
EndProject
Project("{9A19103F-16F7-4668-BE54-9A1E7A4F7556}") = "ColorPicker.Sample", "ColorPicker.Sample\ColorPicker.Sample.csproj", "{F205B4A9-10DC-42BF-B3B1-F6355D495A9B}"
EndProject
Project("{9A19103F-16F7-4668-BE54-9A1E7A4F7556}") = "ColorPicker.Gallery", "ColorPicker.Gallery\ColorPicker.Gallery.csproj", "{D7B78760-4F36-4E0E-9299-D0C152DD963C}"
EndProject
Project("{9A19103F-16F7-4668-BE54-9A1E7A4F7556}") = "ColorPicker.Test.xUnit", "ColorPicker.Test.xUnit\ColorPicker.Test.xUnit.csproj", "{C8B4B02C-E0DB-4BA3-A7C2-EB98BAAA6D2C}"
EndProject
Global
	GlobalSection(SolutionConfigurationPlatforms) = preSolution
		Debug|Any CPU = Debug|Any CPU
		Release|Any CPU = Release|Any CPU
	EndGlobalSection
	GlobalSection(ProjectConfigurationPlatforms) = postSolution
		{8A536D9B-41A9-4F9B-AC3E-DC646B3FCADF}.Debug|Any CPU.ActiveCfg = Debug|Any CPU
		{8A536D9B-41A9-4F9B-AC3E-DC646B3FCADF}.Debug|Any CPU.Build.0 = Debug|Any CPU
		{8A536D9B-41A9-4F9B-AC3E-DC646B3FCADF}.Release|Any CPU.ActiveCfg = Release|Any CPU
		{8A536D9B-41A9-4F9B-AC3E-DC646B3FCADF}.Release|Any CPU.Build.0 = Release|Any CPU
		{F205B4A9-10DC-42BF-B3B1-F6355D495A9B}.Debug|Any CPU.ActiveCfg = Debug|Any CPU
		{F205B4A9-10DC-42BF-B3B1-F6355D495A9B}.Debug|Any CPU.Build.0 = Debug|Any CPU
		{F205B4A9-10DC-42BF-B3B1-F6355D495A9B}.Debug|Any CPU.Deploy.0 = Debug|Any CPU
		{F205B4A9-10DC-42BF-B3B1-F6355D495A9B}.Release|Any CPU.ActiveCfg = Release|Any CPU
		{F205B4A9-10DC-42BF-B3B1-F6355D495A9B}.Release|Any CPU.Build.0 = Release|Any CPU
		{F205B4A9-10DC-42BF-B3B1-F6355D495A9B}.Release|Any CPU.Deploy.0 = Release|Any CPU
		{D7B78760-4F36-4E0E-9299-D0C152DD963C}.Debug|Any CPU.ActiveCfg = Debug|Any CPU
		{D7B78760-4F36-4E0E-9299-D0C152DD963C}.Debug|Any CPU.Build.0 = Debug|Any CPU
		{D7B78760-4F36-4E0E-9299-D0C152DD963C}.Debug|Any CPU.Deploy.0 = Debug|Any CPU
		{D7B78760-4F36-4E0E-9299-D0C152DD963C}.Release|Any CPU.ActiveCfg = Release|Any CPU
		{D7B78760-4F36-4E0E-9299-D0C152DD963C}.Release|Any CPU.Build.0 = Release|Any CPU
		{D7B78760-4F36-4E0E-9299-D0C152DD963C}.Release|Any CPU.Deploy.0 = Release|Any CPU
		{C8B4B02C-E0DB-4BA3-A7C2-EB98BAAA6D2C}.Debug|Any CPU.ActiveCfg = Debug|Any CPU
		{C8B4B02C-E0DB-4BA3-A7C2-EB98BAAA6D2C}.Debug|Any CPU.Build.0 = Debug|Any CPU
		{C8B4B02C-E0DB-4BA3-A7C2-EB98BAAA6D2C}.Release|Any CPU.ActiveCfg = Release|Any CPU
		{C8B4B02C-E0DB-4BA3-A7C2-EB98BAAA6D2C}.Release|Any CPU.Build.0 = Release|Any CPU
	EndGlobalSection
	GlobalSection(SolutionProperties) = preSolution
		HideSolutionNode = FALSE
	EndGlobalSection
	GlobalSection(ExtensibilityGlobals) = postSolution
		SolutionGuid = {914875F2-EF8E-4DEC-877E-272A63564A65}
	EndGlobalSection
EndGlobal
